
Microsoft Visual Studio Solution File, Format Version 12.00
# Visual Studio Version 17
VisualStudioVersion = 17.11.35222.181
MinimumVisualStudioVersion = 10.0.40219.1
Project("{2150E333-8FDC-42A3-9474-1A3956D46DE8}") = "Services", "Services", "{2F2FF3B1-33E9-4E49-AE38-A99C0B3B6093}"
EndProject
Project("{2150E333-8FDC-42A3-9474-1A3956D46DE8}") = "Catalog", "Catalog", "{3FEDC985-BC05-4C49-9762-10EB2FC925F6}"
EndProject
Project("{FAE04EC0-301F-11D3-BF4B-00C04F79EFBC}") = "Catalog.API", "src\Services\Catalog\Catalog.API\Catalog.API.csproj", "{A8A2C8EA-C312-409A-B4D8-83AE8EF8F4DB}"
EndProject
Project("{2150E333-8FDC-42A3-9474-1A3956D46DE8}") = "BuildingBlocks", "BuildingBlocks", "{3663C633-FA01-4D2B-B90A-154A84C229FC}"
EndProject
Project("{FAE04EC0-301F-11D3-BF4B-00C04F79EFBC}") = "BuildingBlocks", "src\BuildingBlocks\BuildingBlocks\BuildingBlocks.csproj", "{C1DD0969-9367-4F5F-A18E-C623103E7743}"
EndProject
Project("{E53339B2-1760-4266-BCC7-CA923CBCF16C}") = "docker-compose", "docker-compose.dcproj", "{9B8B9FFD-5667-422C-96C7-667E97AF11FC}"
EndProject
Global
	GlobalSection(SolutionConfigurationPlatforms) = preSolution
		Debug|Any CPU = Debug|Any CPU
		Release|Any CPU = Release|Any CPU
	EndGlobalSection
	GlobalSection(ProjectConfigurationPlatforms) = postSolution
		{A8A2C8EA-C312-409A-B4D8-83AE8EF8F4DB}.Debug|Any CPU.ActiveCfg = Debug|Any CPU
		{A8A2C8EA-C312-409A-B4D8-83AE8EF8F4DB}.Debug|Any CPU.Build.0 = Debug|Any CPU
		{A8A2C8EA-C312-409A-B4D8-83AE8EF8F4DB}.Release|Any CPU.ActiveCfg = Release|Any CPU
		{A8A2C8EA-C312-409A-B4D8-83AE8EF8F4DB}.Release|Any CPU.Build.0 = Release|Any CPU
		{C1DD0969-9367-4F5F-A18E-C623103E7743}.Debug|Any CPU.ActiveCfg = Debug|Any CPU
		{C1DD0969-9367-4F5F-A18E-C623103E7743}.Debug|Any CPU.Build.0 = Debug|Any CPU
		{C1DD0969-9367-4F5F-A18E-C623103E7743}.Release|Any CPU.ActiveCfg = Release|Any CPU
		{C1DD0969-9367-4F5F-A18E-C623103E7743}.Release|Any CPU.Build.0 = Release|Any CPU
		{9B8B9FFD-5667-422C-96C7-667E97AF11FC}.Debug|Any CPU.ActiveCfg = Debug|Any CPU
		{9B8B9FFD-5667-422C-96C7-667E97AF11FC}.Debug|Any CPU.Build.0 = Debug|Any CPU
		{9B8B9FFD-5667-422C-96C7-667E97AF11FC}.Release|Any CPU.ActiveCfg = Release|Any CPU
		{9B8B9FFD-5667-422C-96C7-667E97AF11FC}.Release|Any CPU.Build.0 = Release|Any CPU
	EndGlobalSection
	GlobalSection(SolutionProperties) = preSolution
		HideSolutionNode = FALSE
	EndGlobalSection
	GlobalSection(NestedProjects) = preSolution
		{3FEDC985-BC05-4C49-9762-10EB2FC925F6} = {2F2FF3B1-33E9-4E49-AE38-A99C0B3B6093}
		{A8A2C8EA-C312-409A-B4D8-83AE8EF8F4DB} = {3FEDC985-BC05-4C49-9762-10EB2FC925F6}
		{C1DD0969-9367-4F5F-A18E-C623103E7743} = {3663C633-FA01-4D2B-B90A-154A84C229FC}
	EndGlobalSection
	GlobalSection(ExtensibilityGlobals) = postSolution
		SolutionGuid = {CC630243-0E9D-46F3-89ED-2E7077AB9AA0}
	EndGlobalSection
EndGlobal
